
Microsoft Visual Studio Solution File, Format Version 12.00
# Visual Studio Version 17
VisualStudioVersion = 17.7.34031.279
MinimumVisualStudioVersion = 10.0.40219.1
Project("{FAE04EC0-301F-11D3-BF4B-00C04F79EFBC}") = "Ej6TemaAjax", "Ej6TemaAjax\Ej6TemaAjax.csproj", "{C059FFDB-E5B0-48B1-83E5-18F736C6621B}"
EndProject
Global
	GlobalSection(SolutionConfigurationPlatforms) = preSolution
		Debug|Any CPU = Debug|Any CPU
		Release|Any CPU = Release|Any CPU
	EndGlobalSection
	GlobalSection(ProjectConfigurationPlatforms) = postSolution
		{C059FFDB-E5B0-48B1-83E5-18F736C6621B}.Debug|Any CPU.ActiveCfg = Debug|Any CPU
		{C059FFDB-E5B0-48B1-83E5-18F736C6621B}.Debug|Any CPU.Build.0 = Debug|Any CPU
		{C059FFDB-E5B0-48B1-83E5-18F736C6621B}.Release|Any CPU.ActiveCfg = Release|Any CPU
		{C059FFDB-E5B0-48B1-83E5-18F736C6621B}.Release|Any CPU.Build.0 = Release|Any CPU
	EndGlobalSection
	GlobalSection(SolutionProperties) = preSolution
		HideSolutionNode = FALSE
	EndGlobalSection
	GlobalSection(ExtensibilityGlobals) = postSolution
		SolutionGuid = {AADE35BB-65BE-441D-94AD-2ED63104CF54}
	EndGlobalSection
EndGlobal
