
Microsoft Visual Studio Solution File, Format Version 12.00
# Visual Studio Version 17
VisualStudioVersion = 17.7.34031.279
MinimumVisualStudioVersion = 10.0.40219.1
Project("{9A19103F-16F7-4668-BE54-9A1E7A4F7556}") = "EjTema10ADO.NET", "EjTema10ADO.NET\EjTema10ADO.NET.csproj", "{F34E862D-9080-427F-9E1D-390A2C0CA9E8}"
EndProject
Project("{9A19103F-16F7-4668-BE54-9A1E7A4F7556}") = "Entidades", "Entidades\Entidades.csproj", "{D549853D-1799-4C00-93CF-519850530CD9}"
EndProject
Global
	GlobalSection(SolutionConfigurationPlatforms) = preSolution
		Debug|Any CPU = Debug|Any CPU
		Release|Any CPU = Release|Any CPU
	EndGlobalSection
	GlobalSection(ProjectConfigurationPlatforms) = postSolution
		{F34E862D-9080-427F-9E1D-390A2C0CA9E8}.Debug|Any CPU.ActiveCfg = Debug|Any CPU
		{F34E862D-9080-427F-9E1D-390A2C0CA9E8}.Debug|Any CPU.Build.0 = Debug|Any CPU
		{F34E862D-9080-427F-9E1D-390A2C0CA9E8}.Release|Any CPU.ActiveCfg = Release|Any CPU
		{F34E862D-9080-427F-9E1D-390A2C0CA9E8}.Release|Any CPU.Build.0 = Release|Any CPU
		{D549853D-1799-4C00-93CF-519850530CD9}.Debug|Any CPU.ActiveCfg = Debug|Any CPU
		{D549853D-1799-4C00-93CF-519850530CD9}.Debug|Any CPU.Build.0 = Debug|Any CPU
		{D549853D-1799-4C00-93CF-519850530CD9}.Release|Any CPU.ActiveCfg = Release|Any CPU
		{D549853D-1799-4C00-93CF-519850530CD9}.Release|Any CPU.Build.0 = Release|Any CPU
	EndGlobalSection
	GlobalSection(SolutionProperties) = preSolution
		HideSolutionNode = FALSE
	EndGlobalSection
	GlobalSection(ExtensibilityGlobals) = postSolution
		SolutionGuid = {4165351D-FD82-430D-9A95-67A1C7BCC768}
	EndGlobalSection
EndGlobal
