
Microsoft Visual Studio Solution File, Format Version 12.00
# Visual Studio Version 17
VisualStudioVersion = 17.7.34031.279
MinimumVisualStudioVersion = 10.0.40219.1
Project("{2150E333-8FDC-42A3-9474-1A3956D46DE8}") = "Ej1", "Ej1", "{0F56B061-2ECC-44E8-869F-2C5417660C43}"
	ProjectSection(SolutionItems) = preProject
		Ej1.js = Ej1.js
		Hola.js = Hola.js
		Index.html = Index.html
	EndProjectSection
EndProject
Global
	GlobalSection(SolutionProperties) = preSolution
		HideSolutionNode = FALSE
	EndGlobalSection
	GlobalSection(ExtensibilityGlobals) = postSolution
		SolutionGuid = {6F5E3957-DF70-4CCD-AE21-07607862150F}
	EndGlobalSection
EndGlobal
